{
  "name": "lousy-iam",
  "version": "1.0.0",
  "lockfileVersion": 3,
  "requires": true,
  "packages": {
    "": {
      "name": "lousy-iam",
      "version": "1.0.0",
      "license": "MIT",
      "bin": {
        "lousy-iam": "dist/index.js"
      },
      "engines": {
        "node": ">=22.0.0"
      }
    }
  }
}
